Microsoft Visual Studio Solution File, Format Version 12.00
# Visual Studio Version 17
VisualStudioVersion = 17.5.2.0
MinimumVisualStudioVersion = 10.0.40219.1
Project("{FAE04EC0-301F-11D3-BF4B-00C04F79EFBC}") = "OneFitnessVue.Model", "OneFitnessVue.Model.csproj", "{8505972A-5F11-E92A-D48D-C2228FD91C5C}"
EndProject
Global
	GlobalSection(SolutionConfigurationPlatforms) = preSolution
		Debug|Any CPU = Debug|Any CPU
		Release|Any CPU = Release|Any CPU
	EndGlobalSection
	GlobalSection(ProjectConfigurationPlatforms) = postSolution
		{8505972A-5F11-E92A-D48D-C2228FD91C5C}.Debug|Any CPU.ActiveCfg = Debug|Any CPU
		{8505972A-5F11-E92A-D48D-C2228FD91C5C}.Debug|Any CPU.Build.0 = Debug|Any CPU
		{8505972A-5F11-E92A-D48D-C2228FD91C5C}.Release|Any CPU.ActiveCfg = Release|Any CPU
		{8505972A-5F11-E92A-D48D-C2228FD91C5C}.Release|Any CPU.Build.0 = Release|Any CPU
	EndGlobalSection
	GlobalSection(SolutionProperties) = preSolution
		HideSolutionNode = FALSE
	EndGlobalSection
	GlobalSection(ExtensibilityGlobals) = postSolution
		SolutionGuid = {41B310BD-6F95-43CD-BE85-0D0709E0A8F5}
	EndGlobalSection
EndGlobal
